
Microsoft Visual Studio Solution File, Format Version 12.00
# Visual Studio Version 17
VisualStudioVersion = 17.10.35013.160
MinimumVisualStudioVersion = 10.0.40219.1
Project("{FAE04EC0-301F-11D3-BF4B-00C04F79EFBC}") = "RetailERP", "RetailERP.csproj", "{24EFB5C8-8AF5-4A1E-912C-203DA7AFF3F9}"
EndProject
Global
	GlobalSection(SolutionConfigurationPlatforms) = preSolution
		Debug|Any CPU = Debug|Any CPU
		Release|Any CPU = Release|Any CPU
	EndGlobalSection
	GlobalSection(ProjectConfigurationPlatforms) = postSolution
		{24EFB5C8-8AF5-4A1E-912C-203DA7AFF3F9}.Debug|Any CPU.ActiveCfg = Debug|Any CPU
		{24EFB5C8-8AF5-4A1E-912C-203DA7AFF3F9}.Debug|Any CPU.Build.0 = Debug|Any CPU
		{24EFB5C8-8AF5-4A1E-912C-203DA7AFF3F9}.Release|Any CPU.ActiveCfg = Release|Any CPU
		{24EFB5C8-8AF5-4A1E-912C-203DA7AFF3F9}.Release|Any CPU.Build.0 = Release|Any CPU
	EndGlobalSection
	GlobalSection(SolutionProperties) = preSolution
		HideSolutionNode = FALSE
	EndGlobalSection
	GlobalSection(ExtensibilityGlobals) = postSolution
		SolutionGuid = {00D028F4-A782-42CC-8AF9-E3FA3DB3FB85}
	EndGlobalSection
EndGlobal
